// !$*UTF8*$!
{
	archiveVersion = 1;
	classes = {
	};
	objectVersion = 46;
	objects = {

/* Begin PBXBuildFile section */
		A3440B3F1C1146E700E4CEA3 /* AppDelegate.swift in Sources */ = {isa = PBXBuildFile; fileRef = A3440B3E1C1146E700E4CEA3 /* AppDelegate.swift */; };
		A3440B411C1146E700E4CEA3 /* FirstViewController.swift in Sources */ = {isa = PBXBuildFile; fileRef = A3440B401C1146E700E4CEA3 /* FirstViewController.swift */; };
		A3440B431C1146E700E4CEA3 /* SecondViewController.swift in Sources */ = {isa = PBXBuildFile; fileRef = A3440B421C1146E700E4CEA3 /* SecondViewController.swift */; };
		A3440B461C1146E700E4CEA3 /* Main.storyboard in Resources */ = {isa = PBXBuildFile; fileRef = A3440B441C1146E700E4CEA3 /* Main.storyboard */; };
		A3440B481C1146E800E4CEA3 /* Assets.xcassets in Resources */ = {isa = PBXBuildFile; fileRef = A3440B471C1146E800E4CEA3 /* Assets.xcassets */; };
		A3440B4B1C1146E800E4CEA3 /* LaunchScreen.storyboard in Resources */ = {isa = PBXBuildFile; fileRef = A3440B491C1146E800E4CEA3 /* LaunchScreen.storyboard */; };
		A3440B561C1146E800E4CEA3 /* GitProjectTests.swift in Sources */ = {isa = PBXBuildFile; fileRef = A3440B551C1146E800E4CEA3 /* GitProjectTests.swift */; };
		A3440B611C1146E800E4CEA3 /* GitProjectUITests.swift in Sources */ = {isa = PBXBuildFile; fileRef = A3440B601C1146E800E4CEA3 /* GitProjectUITests.swift */; };
/* End PBXBuildFile section */

/* Begin PBXContainerItemProxy section */
		A3440B521C1146E800E4CEA3 /* PBXContainerItemProxy */ = {
			isa = PBXContainerItemProxy;
			containerPortal = A3440B331C1146E700E4CEA3 /* Project object */;
			proxyType = 1;
			remoteGlobalIDString = A3440B3A1C1146E700E4CEA3;
			remoteInfo = GitProject;
		};
		A3440B5D1C1146E800E4CEA3 /* PBXContainerItemProxy */ = {
			isa = PBXContainerItemProxy;
			containerPortal = A3440B331C1146E700E4CEA3 /* Project object */;
			proxyType = 1;
			remoteGlobalIDString = A3440B3A1C1146E700E4CEA3;
			remoteInfo = GitProject;
		};
/* End PBXContainerItemProxy section */

/* Begin PBXFileReference section */
		A3440B3B1C1146E700E4CEA3 /* GitProject.app */ = {isa = PBXFileReference; explicitFileType = wrapper.application; includeInIndex = 0; path = GitProject.app; sourceTree = BUILT_PRODUCTS_DIR; };
		A3440B3E1C1146E700E4CEA3 /* AppDelegate.swift */ = {isa = PBXFileReference; lastKnownFileType = sourcecode.swift; path = AppDelegate.swift; sourceTree = "<group>"; };
		A3440B401C1146E700E4CEA3 /* FirstViewController.swift */ = {isa = PBXFileReference; lastKnownFileType = sourcecode.swift; path = FirstViewController.swift; sourceTree = "<group>"; };
		A3440B421C1146E700E4CEA3 /* SecondViewController.swift */ = {isa = PBXFileReference; lastKnownFileType = sourcecode.swift; path = SecondViewController.swift; sourceTree = "<group>"; };
		A3440B451C1146E700E4CEA3 /* Base */ = {isa = PBXFileReference; lastKnownFileType = file.storyboard; name = Base; path = Base.lproj/Main.storyboard; sourceTree = "<group>"; };
		A3440B471C1146E800E4CEA3 /* Assets.xcassets */ = {isa = PBXFileReference; lastKnownFileType = folder.assetcatalog; path = Assets.xcassets; sourceTree = "<group>"; };
		A3440B4A1C1146E800E4CEA3 /* Base */ = {isa = PBXFileReference; lastKnownFileType = file.storyboard; name = Base; path = Base.lproj/LaunchScreen.storyboard; sourceTree = "<group>"; };
		A3440B4C1C1146E800E4CEA3 /* Info.plist */ = {isa = PBXFileReference; lastKnownFileType = text.plist.xml; path = Info.plist; sourceTree = "<group>"; };
		A3440B511C1146E800E4CEA3 /* GitProjectTests.xctest */ = {isa = PBXFileReference; explicitFileType = wrapper.cfbundle; includeInIndex = 0; path = GitProjectTests.xctest; sourceTree = BUILT_PRODUCTS_DIR; };
		A3440B551C1146E800E4CEA3 /* GitProjectTests.swift */ = {isa = PBXFileReference; lastKnownFileType = sourcecode.swift; path = GitProjectTests.swift; sourceTree = "<group>"; };
		A3440B571C1146E800E4CEA3 /* Info.plist */ = {isa = PBXFileReference; lastKnownFileType = text.plist.xml; path = Info.plist; sourceTree = "<group>"; };
		A3440B5C1C1146E800E4CEA3 /* GitProjectUITests.xctest */ = {isa = PBXFileReference; explicitFileType = wrapper.cfbundle; includeInIndex = 0; path = GitProjectUITests.xctest; sourceTree = BUILT_PRODUCTS_DIR; };
		A3440B601C1146E800E4CEA3 /* GitProjectUITests.swift */ = {isa = PBXFileReference; lastKnownFileType = sourcecode.swift; path = GitProjectUITests.swift; sourceTree = "<group>"; };
		A3440B621C1146E800E4CEA3 /* Info.plist */ = {isa = PBXFileReference; lastKnownFileType = text.plist.xml; path = Info.plist; sourceTree = "<group>"; };
/* End PBXFileReference section */

/* Begin PBXFrameworksBuildPhase section */
		A3440B381C1146E700E4CEA3 /* Frameworks */ = {
			isa = PBXFrameworksBuildPhase;
			buildActionMask = 2147483647;
			files = (
			);
			runOnlyForDeploymentPostprocessing = 0;
		};
		A3440B4E1C1146E800E4CEA3 /* Frameworks */ = {
			isa = PBXFrameworksBuildPhase;
			buildActionMask = 2147483647;
			files = (
			);
			runOnlyForDeploymentPostprocessing = 0;
		};
		A3440B591C1146E800E4CEA3 /* Frameworks */ = {
			isa = PBXFrameworksBuildPhase;
			buildActionMask = 2147483647;
			files = (
			);
			runOnlyForDeploymentPostprocessing = 0;
		};
/* End PBXFrameworksBuildPhase section */

/* Begin PBXGroup section */
		A3440B321C1146E700E4CEA3 = {
			isa = PBXGroup;
			children = (
				A3440B3D1C1146E700E4CEA3 /* GitProject */,
				A3440B541C1146E800E4CEA3 /* GitProjectTests */,
				A3440B5F1C1146E800E4CEA3 /* GitProjectUITests */,
				A3440B3C1C1146E700E4CEA3 /* Products */,
			);
			sourceTree = "<group>";
		};
		A3440B3C1C1146E700E4CEA3 /* Products */ = {
			isa = PBXGroup;
			children = (
				A3440B3B1C1146E700E4CEA3 /* GitProject.app */,
				A3440B511C1146E800E4CEA3 /* GitProjectTests.xctest */,
				A3440B5C1C1146E800E4CEA3 /* GitProjectUITests.xctest */,
			);
			name = Products;
			sourceTree = "<group>";
		};
		A3440B3D1C1146E700E4CEA3 /* GitProject */ = {
			isa = PBXGroup;
			children = (
				A3440B3E1C1146E700E4CEA3 /* AppDelegate.swift */,
				A3440B401C1146E700E4CEA3 /* FirstViewController.swift */,
				A3440B421C1146E700E4CEA3 /* SecondViewController.swift */,
				A3440B441C1146E700E4CEA3 /* Main.storyboard */,
				A3440B471C1146E800E4CEA3 /* Assets.xcassets */,
				A3440B491C1146E800E4CEA3 /* LaunchScreen.storyboard */,
				A3440B4C1C1146E800E4CEA3 /* Info.plist */,
			);
			path = GitProject;
			sourceTree = "<group>";
		};
		A3440B541C1146E800E4CEA3 /* GitProjectTests */ = {
			isa = PBXGroup;
			children = (
				A3440B551C1146E800E4CEA3 /* GitProjectTests.swift */,
				A3440B571C1146E800E4CEA3 /* Info.plist */,
			);
			path = GitProjectTests;
			sourceTree = "<group>";
		};
		A3440B5F1C1146E800E4CEA3 /* GitProjectUITests */ = {
			isa = PBXGroup;
			children = (
				A3440B601C1146E800E4CEA3 /* GitProjectUITests.swift */,
				A3440B621C1146E800E4CEA3 /* Info.plist */,
			);
			path = GitProjectUITests;
			sourceTree = "<group>";
		};
/* End PBXGroup section */

/* Begin PBXNativeTarget section */
		A3440B3A1C1146E700E4CEA3 /* GitProject */ = {
			isa = PBXNativeTarget;
			buildConfigurationList = A3440B651C1146E800E4CEA3 /* Build configuration list for PBXNativeTarget "GitProject" */;
			buildPhases = (
				A3440B371C1146E700E4CEA3 /* Sources */,
				A3440B381C1146E700E4CEA3 /* Frameworks */,
				A3440B391C1146E700E4CEA3 /* Resources */,
			);
			buildRules = (
			);
			dependencies = (
			);
			name = GitProject;
			productName = GitProject;
			productReference = A3440B3B1C1146E700E4CEA3 /* GitProject.app */;
			productType = "com.apple.product-type.application";
		};
		A3440B501C1146E800E4CEA3 /* GitProjectTests */ = {
			isa = PBXNativeTarget;
			buildConfigurationList = A3440B681C1146E800E4CEA3 /* Build configuration list for PBXNativeTarget "GitProjectTests" */;
			buildPhases = (
				A3440B4D1C1146E800E4CEA3 /* Sources */,
				A3440B4E1C1146E800E4CEA3 /* Frameworks */,
				A3440B4F1C1146E800E4CEA3 /* Resources */,
			);
			buildRules = (
			);
			dependencies = (
				A3440B531C1146E800E4CEA3 /* PBXTargetDependency */,
			);
			name = GitProjectTests;
			productName = GitProjectTests;
			productReference = A3440B511C1146E800E4CEA3 /* GitProjectTests.xctest */;
			productType = "com.apple.product-type.bundle.unit-test";
		};
		A3440B5B1C1146E800E4CEA3 /* GitProjectUITests */ = {
			isa = PBXNativeTarget;
			buildConfigurationList = A3440B6B1C1146E800E4CEA3 /* Build configuration list for PBXNativeTarget "GitProjectUITests" */;
			buildPhases = (
				A3440B581C1146E800E4CEA3 /* Sources */,
				A3440B591C1146E800E4CEA3 /* Frameworks */,
				A3440B5A1C1146E800E4CEA3 /* Resources */,
			);
			buildRules = (
			);
			dependencies = (
				A3440B5E1C1146E800E4CEA3 /* PBXTargetDependency */,
			);
			name = GitProjectUITests;
			productName = GitProjectUITests;
			productReference = A3440B5C1C1146E800E4CEA3 /* GitProjectUITests.xctest */;
			productType = "com.apple.product-type.bundle.ui-testing";
		};
/* End PBXNativeTarget section */

/* Begin PBXProject section */
		A3440B331C1146E700E4CEA3 /* Project object */ = {
			isa = PBXProject;
			attributes = {
				LastUpgradeCheck = 0710;
				ORGANIZATIONNAME = "Heftye Developers";
				TargetAttributes = {
					A3440B3A1C1146E700E4CEA3 = {
						CreatedOnToolsVersion = 7.1;
					};
					A3440B501C1146E800E4CEA3 = {
						CreatedOnToolsVersion = 7.1;
						TestTargetID = A3440B3A1C1146E700E4CEA3;
					};
					A3440B5B1C1146E800E4CEA3 = {
						CreatedOnToolsVersion = 7.1;
						TestTargetID = A3440B3A1C1146E700E4CEA3;
					};
				};
			};
			buildConfigurationList = A3440B361C1146E700E4CEA3 /* Build configuration list for PBXProject "GitProject" */;
			compatibilityVersion = "Xcode 3.2";
			developmentRegion = English;
			hasScannedForEncodings = 0;
			knownRegions = (
				en,
				Base,
			);
			mainGroup = A3440B321C1146E700E4CEA3;
			productRefGroup = A3440B3C1C1146E700E4CEA3 /* Products */;
			projectDirPath = "";
			projectRoot = "";
			targets = (
				A3440B3A1C1146E700E4CEA3 /* GitProject */,
				A3440B501C1146E800E4CEA3 /* GitProjectTests */,
				A3440B5B1C1146E800E4CEA3 /* GitProjectUITests */,
			);
		};
/* End PBXProject section */

/* Begin PBXResourcesBuildPhase section */
		A3440B391C1146E700E4CEA3 /* Resources */ = {
			isa = PBXResourcesBuildPhase;
			buildActionMask = 2147483647;
			files = (
				A3440B4B1C1146E800E4CEA3 /* LaunchScreen.storyboard in Resources */,
				A3440B481C1146E800E4CEA3 /* Assets.xcassets in Resources */,
				A3440B461C1146E700E4CEA3 /* Main.storyboard in Resources */,
			);
			runOnlyForDeploymentPostprocessing = 0;
		};
		A3440B4F1C1146E800E4CEA3 /* Resources */ = {
			isa = PBXResourcesBuildPhase;
			buildActionMask = 2147483647;
			files = (
			);
			runOnlyForDeploymentPostprocessing = 0;
		};
		A3440B5A1C1146E800E4CEA3 /* Resources */ = {
			isa = PBXResourcesBuildPhase;
			buildActionMask = 2147483647;
			files = (
			);
			runOnlyForDeploymentPostprocessing = 0;
		};
/* End PBXResourcesBuildPhase section */

/* Begin PBXSourcesBuildPhase section */
		A3440B371C1146E700E4CEA3 /* Sources */ = {
			isa = PBXSourcesBuildPhase;
			buildActionMask = 2147483647;
			files = (
				A3440B431C1146E700E4CEA3 /* SecondViewController.swift in Sources */,
				A3440B3F1C1146E700E4CEA3 /* AppDelegate.swift in Sources */,
				A3440B411C1146E700E4CEA3 /* FirstViewController.swift in Sources */,
			);
			runOnlyForDeploymentPostprocessing = 0;
		};
		A3440B4D1C1146E800E4CEA3 /* Sources */ = {
			isa = PBXSourcesBuildPhase;
			buildActionMask = 2147483647;
			files = (
				A3440B561C1146E800E4CEA3 /* GitProjectTests.swift in Sources */,
			);
			runOnlyForDeploymentPostprocessing = 0;
		};
		A3440B581C1146E800E4CEA3 /* Sources */ = {
			isa = PBXSourcesBuildPhase;
			buildActionMask = 2147483647;
			files = (
				A3440B611C1146E800E4CEA3 /* GitProjectUITests.swift in Sources */,
			);
			runOnlyForDeploymentPostprocessing = 0;
		};
/* End PBXSourcesBuildPhase section */

/* Begin PBXTargetDependency section */
		A3440B531C1146E800E4CEA3 /* PBXTargetDependency */ = {
			isa = PBXTargetDependency;
			target = A3440B3A1C1146E700E4CEA3 /* GitProject */;
			targetProxy = A3440B521C1146E800E4CEA3 /* PBXContainerItemProxy */;
		};
		A3440B5E1C1146E800E4CEA3 /* PBXTargetDependency */ = {
			isa = PBXTargetDependency;
			target = A3440B3A1C1146E700E4CEA3 /* GitProject */;
			targetProxy = A3440B5D1C1146E800E4CEA3 /* PBXContainerItemProxy */;
		};
/* End PBXTargetDependency section */

/* Begin PBXVariantGroup section */
		A3440B441C1146E700E4CEA3 /* Main.storyboard */ = {
			isa = PBXVariantGroup;
			children = (
				A3440B451C1146E700E4CEA3 /* Base */,
			);
			name = Main.storyboard;
			sourceTree = "<group>";
		};
		A3440B491C1146E800E4CEA3 /* LaunchScreen.storyboard */ = {
			isa = PBXVariantGroup;
			children = (
				A3440B4A1C1146E800E4CEA3 /* Base */,
			);
			name = LaunchScreen.storyboard;
			sourceTree = "<group>";
		};
/* End PBXVariantGroup section */

/* Begin XCBuildConfiguration section */
		A3440B631C1146E800E4CEA3 /* Debug */ = {
			isa = XCBuildConfiguration;
			buildSettings = {
				ALWAYS_SEARCH_USER_PATHS = NO;
				CLANG_CXX_LANGUAGE_STANDARD = "gnu++0x";
				CLANG_CXX_LIBRARY = "libc++";
				CLANG_ENABLE_MODULES = YES;
				CLANG_ENABLE_OBJC_ARC = YES;
				CLANG_WARN_BOOL_CONVERSION = YES;
				CLANG_WARN_CONSTANT_CONVERSION = YES;
				CLANG_WARN_DIRECT_OBJC_ISA_USAGE = YES_ERROR;
				CLANG_WARN_EMPTY_BODY = YES;
				CLANG_WARN_ENUM_CONVERSION = YES;
				CLANG_WARN_INT_CONVERSION = YES;
				CLANG_WARN_OBJC_ROOT_CLASS = YES_ERROR;
				CLANG_WARN_UNREACHABLE_CODE = YES;
				CLANG_WARN__DUPLICATE_METHOD_MATCH = YES;
				"CODE_SIGN_IDENTITY[sdk=iphoneos*]" = "iPhone Developer";
				COPY_PHASE_STRIP = NO;
				DEBUG_INFORMATION_FORMAT = dwarf;
				ENABLE_STRICT_OBJC_MSGSEND = YES;
				ENABLE_TESTABILITY = YES;
				GCC_C_LANGUAGE_STANDARD = gnu99;
				GCC_DYNAMIC_NO_PIC = NO;
				GCC_NO_COMMON_BLOCKS = YES;
				GCC_OPTIMIZATION_LEVEL = 0;
				GCC_PREPROCESSOR_DEFINITIONS = (
					"DEBUG=1",
					"$(inherited)",
				);
				GCC_WARN_64_TO_32_BIT_CONVERSION = YES;
				GCC_WARN_ABOUT_RETURN_TYPE = YES_ERROR;
				GCC_WARN_UNDECLARED_SELECTOR = YES;
				GCC_WARN_UNINITIALIZED_AUTOS = YES_AGGRESSIVE;
				GCC_WARN_UNUSED_FUNCTION = YES;
				GCC_WARN_UNUSED_VARIABLE = YES;
				IPHONEOS_DEPLOYMENT_TARGET = 9.1;
				MTL_ENABLE_DEBUG_INFO = YES;
				ONLY_ACTIVE_ARCH = YES;
				SDKROOT = iphoneos;
				SWIFT_OPTIMIZATION_LEVEL = "-Onone";
				TARGETED_DEVICE_FAMILY = "1,2";
			};
			name = Debug;
		};
		A3440B641C1146E800E4CEA3 /* Release */ = {
			isa = XCBuildConfiguration;
			buildSettings = {
				ALWAYS_SEARCH_USER_PATHS = NO;
				CLANG_CXX_LANGUAGE_STANDARD = "gnu++0x";
				CLANG_CXX_LIBRARY = "libc++";
				CLANG_ENABLE_MODULES = YES;
				CLANG_ENABLE_OBJC_ARC = YES;
				CLANG_WARN_BOOL_CONVERSION = YES;
				CLANG_WARN_CONSTANT_CONVERSION = YES;
				CLANG_WARN_DIRECT_OBJC_ISA_USAGE = YES_ERROR;
				CLANG_WARN_EMPTY_BODY = YES;
				CLANG_WARN_ENUM_CONVERSION = YES;
				CLANG_WARN_INT_CONVERSION = YES;
				CLANG_WARN_OBJC_ROOT_CLASS = YES_ERROR;
				CLANG_WARN_UNREACHABLE_CODE = YES;
				CLANG_WARN__DUPLICATE_METHOD_MATCH = YES;
				"CODE_SIGN_IDENTITY[sdk=iphoneos*]" = "iPhone Developer";
				COPY_PHASE_STRIP = NO;
				DEBUG_INFORMATION_FORMAT = "dwarf-with-dsym";
				ENABLE_NS_ASSERTIONS = NO;
				ENABLE_STRICT_OBJC_MSGSEND = YES;
				GCC_C_LANGUAGE_STANDARD = gnu99;
				GCC_NO_COMMON_BLOCKS = YES;
				GCC_WARN_64_TO_32_BIT_CONVERSION = YES;
				GCC_WARN_ABOUT_RETURN_TYPE = YES_ERROR;
				GCC_WARN_UNDECLARED_SELECTOR = YES;
				GCC_WARN_UNINITIALIZED_AUTOS = YES_AGGRESSIVE;
				GCC_WARN_UNUSED_FUNCTION = YES;
				GCC_WARN_UNUSED_VARIABLE = YES;
				IPHONEOS_DEPLOYMENT_TARGET = 9.1;
				MTL_ENABLE_DEBUG_INFO = NO;
				SDKROOT = iphoneos;
				TARGETED_DEVICE_FAMILY = "1,2";
				VALIDATE_PRODUCT = YES;
			};
			name = Release;
		};
		A3440B661C1146E800E4CEA3 /* Debug */ = {
			isa = XCBuildConfiguration;
			buildSettings = {
				ASSETCATALOG_COMPILER_APPICON_NAME = AppIcon;
				INFOPLIST_FILE = GitProject/Info.plist;
				LD_RUNPATH_SEARCH_PATHS = "$(inherited) @executable_path/Frameworks";
				PRODUCT_BUNDLE_IDENTIFIER = com.git.GitProject;
				PRODUCT_NAME = "$(TARGET_NAME)";
			};
			name = Debug;
		};
		A3440B671C1146E800E4CEA3 /* Release */ = {
			isa = XCBuildConfiguration;
			buildSettings = {
				ASSETCATALOG_COMPILER_APPICON_NAME = AppIcon;
				INFOPLIST_FILE = GitProject/Info.plist;
				LD_RUNPATH_SEARCH_PATHS = "$(inherited) @executable_path/Frameworks";
				PRODUCT_BUNDLE_IDENTIFIER = com.git.GitProject;
				PRODUCT_NAME = "$(TARGET_NAME)";
			};
			name = Release;
		};
		A3440B691C1146E800E4CEA3 /* Debug */ = {
			isa = XCBuildConfiguration;
			buildSettings = {
				BUNDLE_LOADER = "$(TEST_HOST)";
				INFOPLIST_FILE = GitProjectTests/Info.plist;
				LD_RUNPATH_SEARCH_PATHS = "$(inherited) @executable_path/Frameworks @loader_path/Frameworks";
				PRODUCT_BUNDLE_IDENTIFIER = com.git.GitProjectTests;
				PRODUCT_NAME = "$(TARGET_NAME)";
				TEST_HOST = "$(BUILT_PRODUCTS_DIR)/GitProject.app/GitProject";
			};
			name = Debug;
		};
		A3440B6A1C1146E800E4CEA3 /* Release */ = {
			isa = XCBuildConfiguration;
			buildSettings = {
				BUNDLE_LOADER = "$(TEST_HOST)";
				INFOPLIST_FILE = GitProjectTests/Info.plist;
				LD_RUNPATH_SEARCH_PATHS = "$(inherited) @executable_path/Frameworks @loader_path/Frameworks";
				PRODUCT_BUNDLE_IDENTIFIER = com.git.GitProjectTests;
				PRODUCT_NAME = "$(TARGET_NAME)";
				TEST_HOST = "$(BUILT_PRODUCTS_DIR)/GitProject.app/GitProject";
			};
			name = Release;
		};
		A3440B6C1C1146E800E4CEA3 /* Debug */ = {
			isa = XCBuildConfiguration;
			buildSettings = {
				INFOPLIST_FILE = GitProjectUITests/Info.plist;
				LD_RUNPATH_SEARCH_PATHS = "$(inherited) @executable_path/Frameworks @loader_path/Frameworks";
				PRODUCT_BUNDLE_IDENTIFIER = com.git.GitProjectUITests;
				PRODUCT_NAME = "$(TARGET_NAME)";
				TEST_TARGET_NAME = GitProject;
				USES_XCTRUNNER = YES;
			};
			name = Debug;
		};
		A3440B6D1C1146E800E4CEA3 /* Release */ = {
			isa = XCBuildConfiguration;
			buildSettings = {
				INFOPLIST_FILE = GitProjectUITests/Info.plist;
				LD_RUNPATH_SEARCH_PATHS = "$(inherited) @executable_path/Frameworks @loader_path/Frameworks";
				PRODUCT_BUNDLE_IDENTIFIER = com.git.GitProjectUITests;
				PRODUCT_NAME = "$(TARGET_NAME)";
				TEST_TARGET_NAME = GitProject;
				USES_XCTRUNNER = YES;
			};
			name = Release;
		};
/* End XCBuildConfiguration section */

/* Begin XCConfigurationList section */
		A3440B361C1146E700E4CEA3 /* Build configuration list for PBXProject "GitProject" */ = {
			isa = XCConfigurationList;
			buildConfigurations = (
				A3440B631C1146E800E4CEA3 /* Debug */,
				A3440B641C1146E800E4CEA3 /* Release */,
			);
			defaultConfigurationIsVisible = 0;
			defaultConfigurationName = Release;
		};
		A3440B651C1146E800E4CEA3 /* Build configuration list for PBXNativeTarget "GitProject" */ = {
			isa = XCConfigurationList;
			buildConfigurations = (
				A3440B661C1146E800E4CEA3 /* Debug */,
				A3440B671C1146E800E4CEA3 /* Release */,
			);
			defaultConfigurationIsVisible = 0;
		};
		A3440B681C1146E800E4CEA3 /* Build configuration list for PBXNativeTarget "GitProjectTests" */ = {
			isa = XCConfigurationList;
			buildConfigurations = (
				A3440B691C1146E800E4CEA3 /* Debug */,
				A3440B6A1C1146E800E4CEA3 /* Release */,
			);
			defaultConfigurationIsVisible = 0;
		};
		A3440B6B1C1146E800E4CEA3 /* Build configuration list for PBXNativeTarget "GitProjectUITests" */ = {
			isa = XCConfigurationList;
			buildConfigurations = (
				A3440B6C1C1146E800E4CEA3 /* Debug */,
				A3440B6D1C1146E800E4CEA3 /* Release */,
			);
			defaultConfigurationIsVisible = 0;
		};
/* End XCConfigurationList section */
	};
	rootObject = A3440B331C1146E700E4CEA3 /* Project object */;
}
